
Microsoft Visual Studio Solution File, Format Version 12.00
# Visual Studio Version 17
VisualStudioVersion = 17.0.31903.59
MinimumVisualStudioVersion = 10.0.40219.1
Project("{FAE04EC0-301F-11D3-BF4B-00C04F79EFBC}") = "DatabaseInitializer", "DatabaseInitializer\DatabaseInitializer.csproj", "{94DA9966-4C32-4B33-B7A8-46D625A31723}"
EndProject
Project("{FAE04EC0-301F-11D3-BF4B-00C04F79EFBC}") = "EmailProcessor", "EmailProcessor\EmailProcessor.csproj", "{6A59457F-9D55-47B5-9660-2F48207D5C04}"
EndProject
Project("{FAE04EC0-301F-11D3-BF4B-00C04F79EFBC}") = "MailReader", "MailReader\MailReader.csproj", "{1C179903-7811-4AB9-9007-647D6C12FED5}"
EndProject
Global
	GlobalSection(SolutionConfigurationPlatforms) = preSolution
		Debug|Any CPU = Debug|Any CPU
		Debug|x64 = Debug|x64
		Debug|x86 = Debug|x86
		Release|Any CPU = Release|Any CPU
		Release|x64 = Release|x64
		Release|x86 = Release|x86
	EndGlobalSection
	GlobalSection(ProjectConfigurationPlatforms) = postSolution
		{94DA9966-4C32-4B33-B7A8-46D625A31723}.Debug|Any CPU.ActiveCfg = Debug|Any CPU
		{94DA9966-4C32-4B33-B7A8-46D625A31723}.Debug|Any CPU.Build.0 = Debug|Any CPU
		{94DA9966-4C32-4B33-B7A8-46D625A31723}.Debug|x64.ActiveCfg = Debug|Any CPU
		{94DA9966-4C32-4B33-B7A8-46D625A31723}.Debug|x64.Build.0 = Debug|Any CPU
		{94DA9966-4C32-4B33-B7A8-46D625A31723}.Debug|x86.ActiveCfg = Debug|Any CPU
		{94DA9966-4C32-4B33-B7A8-46D625A31723}.Debug|x86.Build.0 = Debug|Any CPU
		{94DA9966-4C32-4B33-B7A8-46D625A31723}.Release|Any CPU.ActiveCfg = Release|Any CPU
		{94DA9966-4C32-4B33-B7A8-46D625A31723}.Release|Any CPU.Build.0 = Release|Any CPU
		{94DA9966-4C32-4B33-B7A8-46D625A31723}.Release|x64.ActiveCfg = Release|Any CPU
		{94DA9966-4C32-4B33-B7A8-46D625A31723}.Release|x64.Build.0 = Release|Any CPU
		{94DA9966-4C32-4B33-B7A8-46D625A31723}.Release|x86.ActiveCfg = Release|Any CPU
		{94DA9966-4C32-4B33-B7A8-46D625A31723}.Release|x86.Build.0 = Release|Any CPU
		{6A59457F-9D55-47B5-9660-2F48207D5C04}.Debug|Any CPU.ActiveCfg = Debug|Any CPU
		{6A59457F-9D55-47B5-9660-2F48207D5C04}.Debug|Any CPU.Build.0 = Debug|Any CPU
		{6A59457F-9D55-47B5-9660-2F48207D5C04}.Debug|x64.ActiveCfg = Debug|Any CPU
		{6A59457F-9D55-47B5-9660-2F48207D5C04}.Debug|x64.Build.0 = Debug|Any CPU
		{6A59457F-9D55-47B5-9660-2F48207D5C04}.Debug|x86.ActiveCfg = Debug|Any CPU
		{6A59457F-9D55-47B5-9660-2F48207D5C04}.Debug|x86.Build.0 = Debug|Any CPU
		{6A59457F-9D55-47B5-9660-2F48207D5C04}.Release|Any CPU.ActiveCfg = Release|Any CPU
		{6A59457F-9D55-47B5-9660-2F48207D5C04}.Release|Any CPU.Build.0 = Release|Any CPU
		{6A59457F-9D55-47B5-9660-2F48207D5C04}.Release|x64.ActiveCfg = Release|Any CPU
		{6A59457F-9D55-47B5-9660-2F48207D5C04}.Release|x64.Build.0 = Release|Any CPU
		{6A59457F-9D55-47B5-9660-2F48207D5C04}.Release|x86.ActiveCfg = Release|Any CPU
		{6A59457F-9D55-47B5-9660-2F48207D5C04}.Release|x86.Build.0 = Release|Any CPU
		{1C179903-7811-4AB9-9007-647D6C12FED5}.Debug|Any CPU.ActiveCfg = Debug|Any CPU
		{1C179903-7811-4AB9-9007-647D6C12FED5}.Debug|Any CPU.Build.0 = Debug|Any CPU
		{1C179903-7811-4AB9-9007-647D6C12FED5}.Debug|x64.ActiveCfg = Debug|Any CPU
		{1C179903-7811-4AB9-9007-647D6C12FED5}.Debug|x64.Build.0 = Debug|Any CPU
		{1C179903-7811-4AB9-9007-647D6C12FED5}.Debug|x86.ActiveCfg = Debug|Any CPU
		{1C179903-7811-4AB9-9007-647D6C12FED5}.Debug|x86.Build.0 = Debug|Any CPU
		{1C179903-7811-4AB9-9007-647D6C12FED5}.Release|Any CPU.ActiveCfg = Release|Any CPU
		{1C179903-7811-4AB9-9007-647D6C12FED5}.Release|Any CPU.Build.0 = Release|Any CPU
		{1C179903-7811-4AB9-9007-647D6C12FED5}.Release|x64.ActiveCfg = Release|Any CPU
		{1C179903-7811-4AB9-9007-647D6C12FED5}.Release|x64.Build.0 = Release|Any CPU
		{1C179903-7811-4AB9-9007-647D6C12FED5}.Release|x86.ActiveCfg = Release|Any CPU
		{1C179903-7811-4AB9-9007-647D6C12FED5}.Release|x86.Build.0 = Release|Any CPU
	EndGlobalSection
	GlobalSection(SolutionProperties) = preSolution
		HideSolutionNode = FALSE
	EndGlobalSection
EndGlobal
